// !$*UTF8*$!
{
	archiveVersion = 1;
	classes = {
	};
	objectVersion = 77;
	objects = {

/* Begin PBXBuildFile section */
		17EC54D54403674AB4246B42 /* Assets.xcassets in Resources */ = {isa = PBXBuildFile; fileRef = 4F343E06DD281E5EA45FBE09 /* Assets.xcassets */; };
		18B7634149E8CD5FCCDBCC77 /* MetalGlassView.swift in Sources */ = {isa = PBXBuildFile; fileRef = 8348D116ABB2BD603D920364 /* MetalGlassView.swift */; };
		2D5E72DA0706E22EF4C1E3E6 /* OnboardingView.swift in Sources */ = {isa = PBXBuildFile; fileRef = 30A312B485D4F0E80815CEC6 /* OnboardingView.swift */; };
		56D23ACD9896AD2BE423C72D /* AppInformationView.swift in Sources */ = {isa = PBXBuildFile; fileRef = 74E99FBB7E67FDB2B6665EC6 /* AppInformationView.swift */; };
		77211FBF29ADA3D57FE58CFC /* TiltSipApp.swift in Sources */ = {isa = PBXBuildFile; fileRef = FE4F35303E91EB3F07F31DD7 /* TiltSipApp.swift */; };
		7B63724EF04232835801A31D /* Fluid.metal in Sources */ = {isa = PBXBuildFile; fileRef = 3B307B543C1969F7583AABD7 /* Fluid.metal */; };
		BE78670980725E0B5BDF7AB2 /* ContentView.swift in Sources */ = {isa = PBXBuildFile; fileRef = A362A049AE3A2F656DCB08FB /* ContentView.swift */; };
		D3CA78F4D2998D540852D264 /* PrivacyInfo.xcprivacy in Resources */ = {isa = PBXBuildFile; fileRef = FABD488021BE4882D720EFEB /* PrivacyInfo.xcprivacy */; };
/* End PBXBuildFile section */

/* Begin PBXFileReference section */
		1C525F6338DBA4174C0BC11E /* TiltSip.app */ = {isa = PBXFileReference; includeInIndex = 0; lastKnownFileType = wrapper.application; path = TiltSip.app; sourceTree = BUILT_PRODUCTS_DIR; };
		30A312B485D4F0E80815CEC6 /* OnboardingView.swift */ = {isa = PBXFileReference; lastKnownFileType = sourcecode.swift; path = OnboardingView.swift; sourceTree = "<group>"; };
		3B307B543C1969F7583AABD7 /* Fluid.metal */ = {isa = PBXFileReference; lastKnownFileType = sourcecode.metal; path = Fluid.metal; sourceTree = "<group>"; };
		4F343E06DD281E5EA45FBE09 /* Assets.xcassets */ = {isa = PBXFileReference; lastKnownFileType = folder.assetcatalog; path = Assets.xcassets; sourceTree = "<group>"; };
		59E324969E79BA3D45C968E6 /* Info.plist */ = {isa = PBXFileReference; lastKnownFileType = text.plist; path = Info.plist; sourceTree = "<group>"; };
		74E99FBB7E67FDB2B6665EC6 /* AppInformationView.swift */ = {isa = PBXFileReference; lastKnownFileType = sourcecode.swift; path = AppInformationView.swift; sourceTree = "<group>"; };
		8348D116ABB2BD603D920364 /* MetalGlassView.swift */ = {isa = PBXFileReference; lastKnownFileType = sourcecode.swift; path = MetalGlassView.swift; sourceTree = "<group>"; };
		A362A049AE3A2F656DCB08FB /* ContentView.swift */ = {isa = PBXFileReference; lastKnownFileType = sourcecode.swift; path = ContentView.swift; sourceTree = "<group>"; };
		FABD488021BE4882D720EFEB /* PrivacyInfo.xcprivacy */ = {isa = PBXFileReference; path = PrivacyInfo.xcprivacy; sourceTree = "<group>"; };
		FE4F35303E91EB3F07F31DD7 /* TiltSipApp.swift */ = {isa = PBXFileReference; lastKnownFileType = sourcecode.swift; path = TiltSipApp.swift; sourceTree = "<group>"; };
/* End PBXFileReference section */

/* Begin PBXGroup section */
		80F775D6032619B77308A825 = {
			isa = PBXGroup;
			children = (
				A4F656C147CA51B072E2F88E /* TiltSip */,
				9C015172E6EA9EA87E700102 /* Products */,
			);
			sourceTree = "<group>";
		};
		9C015172E6EA9EA87E700102 /* Products */ = {
			isa = PBXGroup;
			children = (
				1C525F6338DBA4174C0BC11E /* TiltSip.app */,
			);
			name = Products;
			sourceTree = "<group>";
		};
		A4F656C147CA51B072E2F88E /* TiltSip */ = {
			isa = PBXGroup;
			children = (
				74E99FBB7E67FDB2B6665EC6 /* AppInformationView.swift */,
				4F343E06DD281E5EA45FBE09 /* Assets.xcassets */,
				A362A049AE3A2F656DCB08FB /* ContentView.swift */,
				3B307B543C1969F7583AABD7 /* Fluid.metal */,
				59E324969E79BA3D45C968E6 /* Info.plist */,
				8348D116ABB2BD603D920364 /* MetalGlassView.swift */,
				30A312B485D4F0E80815CEC6 /* OnboardingView.swift */,
				FABD488021BE4882D720EFEB /* PrivacyInfo.xcprivacy */,
				FE4F35303E91EB3F07F31DD7 /* TiltSipApp.swift */,
			);
			path = TiltSip;
			sourceTree = "<group>";
		};
/* End PBXGroup section */

/* Begin PBXNativeTarget section */
		139597A20FBEE197607924C7 /* TiltSip */ = {
			isa = PBXNativeTarget;
			buildConfigurationList = 6813369D37C1ACB7DE71926F /* Build configuration list for PBXNativeTarget "TiltSip" */;
			buildPhases = (
				99A21C0CDF62568A5D478A6D /* Sources */,
				E4295B43AB54B88BDE84DB66 /* Resources */,
			);
			buildRules = (
			);
			dependencies = (
			);
			name = TiltSip;
			packageProductDependencies = (
			);
			productName = TiltSip;
			productReference = 1C525F6338DBA4174C0BC11E /* TiltSip.app */;
			productType = "com.apple.product-type.application";
		};
/* End PBXNativeTarget section */

/* Begin PBXProject section */
		A47471CE389BF6258C68BA86 /* Project object */ = {
			isa = PBXProject;
			attributes = {
				BuildIndependentTargetsInParallel = YES;
				LastUpgradeCheck = 1430;
				TargetAttributes = {
					139597A20FBEE197607924C7 = {
						DevelopmentTeam = CW97U5J24N;
					};
				};
			};
			buildConfigurationList = 1A73C858EF1C574B0B3134A5 /* Build configuration list for PBXProject "TiltSip" */;
			developmentRegion = en;
			hasScannedForEncodings = 0;
			knownRegions = (
				Base,
				en,
			);
			mainGroup = 80F775D6032619B77308A825;
			minimizedProjectReferenceProxies = 1;
			preferredProjectObjectVersion = 77;
			productRefGroup = 9C015172E6EA9EA87E700102 /* Products */;
			projectDirPath = "";
			projectRoot = "";
			targets = (
				139597A20FBEE197607924C7 /* TiltSip */,
			);
		};
/* End PBXProject section */

/* Begin PBXResourcesBuildPhase section */
		E4295B43AB54B88BDE84DB66 /* Resources */ = {
			isa = PBXResourcesBuildPhase;
			buildActionMask = 2147483647;
			files = (
				17EC54D54403674AB4246B42 /* Assets.xcassets in Resources */,
				D3CA78F4D2998D540852D264 /* PrivacyInfo.xcprivacy in Resources */,
			);
			runOnlyForDeploymentPostprocessing = 0;
		};
/* End PBXResourcesBuildPhase section */

/* Begin PBXSourcesBuildPhase section */
		99A21C0CDF62568A5D478A6D /* Sources */ = {
			isa = PBXSourcesBuildPhase;
			buildActionMask = 2147483647;
			files = (
				56D23ACD9896AD2BE423C72D /* AppInformationView.swift in Sources */,
				BE78670980725E0B5BDF7AB2 /* ContentView.swift in Sources */,
				7B63724EF04232835801A31D /* Fluid.metal in Sources */,
				18B7634149E8CD5FCCDBCC77 /* MetalGlassView.swift in Sources */,
				2D5E72DA0706E22EF4C1E3E6 /* OnboardingView.swift in Sources */,
				77211FBF29ADA3D57FE58CFC /* TiltSipApp.swift in Sources */,
			);
			runOnlyForDeploymentPostprocessing = 0;
		};
/* End PBXSourcesBuildPhase section */

/* Begin XCBuildConfiguration section */
		18DD3E1CE406CFF80C8B1E58 /* Release */ = {
			isa = XCBuildConfiguration;
			buildSettings = {
				ALWAYS_SEARCH_USER_PATHS = NO;
				CLANG_ANALYZER_NONNULL = YES;
				CLANG_ANALYZER_NUMBER_OBJECT_CONVERSION = YES_AGGRESSIVE;
				CLANG_CXX_LANGUAGE_STANDARD = "gnu++14";
				CLANG_CXX_LIBRARY = "libc++";
				CLANG_ENABLE_MODULES = YES;
				CLANG_ENABLE_OBJC_ARC = YES;
				CLANG_ENABLE_OBJC_WEAK = YES;
				CLANG_WARN_BLOCK_CAPTURE_AUTORELEASING = YES;
				CLANG_WARN_BOOL_CONVERSION = YES;
				CLANG_WARN_COMMA = YES;
				CLANG_WARN_CONSTANT_CONVERSION = YES;
				CLANG_WARN_DEPRECATED_OBJC_IMPLEMENTATIONS = YES;
				CLANG_WARN_DIRECT_OBJC_ISA_USAGE = YES_ERROR;
				CLANG_WARN_DOCUMENTATION_COMMENTS = YES;
				CLANG_WARN_EMPTY_BODY = YES;
				CLANG_WARN_ENUM_CONVERSION = YES;
				CLANG_WARN_INFINITE_RECURSION = YES;
				CLANG_WARN_INT_CONVERSION = YES;
				CLANG_WARN_NON_LITERAL_NULL_CONVERSION = YES;
				CLANG_WARN_OBJC_IMPLICIT_RETAIN_SELF = YES;
				CLANG_WARN_OBJC_LITERAL_CONVERSION = YES;
				CLANG_WARN_OBJC_ROOT_CLASS = YES_ERROR;
				CLANG_WARN_QUOTED_INCLUDE_IN_FRAMEWORK_HEADER = YES;
				CLANG_WARN_RANGE_LOOP_ANALYSIS = YES;
				CLANG_WARN_STRICT_PROTOTYPES = YES;
				CLANG_WARN_SUSPICIOUS_MOVE = YES;
				CLANG_WARN_UNGUARDED_AVAILABILITY = YES_AGGRESSIVE;
				CLANG_WARN_UNREACHABLE_CODE = YES;
				CLANG_WARN__DUPLICATE_METHOD_MATCH = YES;
				COPY_PHASE_STRIP = NO;
				CURRENT_PROJECT_VERSION = 4;
				DEBUG_INFORMATION_FORMAT = "dwarf-with-dsym";
				DEVELOPMENT_TEAM = CW97U5J24N;
				ENABLE_NS_ASSERTIONS = NO;
				ENABLE_STRICT_OBJC_MSGSEND = YES;
				GCC_C_LANGUAGE_STANDARD = gnu11;
				GCC_NO_COMMON_BLOCKS = YES;
				GCC_WARN_64_TO_32_BIT_CONVERSION = YES;
				GCC_WARN_ABOUT_RETURN_TYPE = YES_ERROR;
				GCC_WARN_UNDECLARED_SELECTOR = YES;
				GCC_WARN_UNINITIALIZED_AUTOS = YES_AGGRESSIVE;
				GCC_WARN_UNUSED_FUNCTION = YES;
				GCC_WARN_UNUSED_VARIABLE = YES;
				IPHONEOS_DEPLOYMENT_TARGET = 18.0;
				MARKETING_VERSION = 1.0;
				MTL_ENABLE_DEBUG_INFO = NO;
				MTL_FAST_MATH = YES;
				PRODUCT_NAME = "$(TARGET_NAME)";
				SDKROOT = iphoneos;
				SWIFT_COMPILATION_MODE = wholemodule;
				SWIFT_OPTIMIZATION_LEVEL = "-O";
				SWIFT_VERSION = 5.0;
				TARGETED_DEVICE_FAMILY = 1;
			};
			name = Release;
		};
		266805CABC49E6557265F952 /* Debug */ = {
			isa = XCBuildConfiguration;
			buildSettings = {
				ASSETCATALOG_COMPILER_APPICON_NAME = AppIcon;
				CODE_SIGN_IDENTITY = "iPhone Developer";
				INFOPLIST_FILE = TiltSip/Info.plist;
				INFOPLIST_KEY_CFBundleDisplayName = TiltSip;
				INFOPLIST_KEY_LSApplicationCategoryType = "public.app-category.entertainment";
				INFOPLIST_KEY_UIRequiresFullScreen = YES;
				INFOPLIST_KEY_UIStatusBarStyle = UIStatusBarStyleLightContent;
				LD_RUNPATH_SEARCH_PATHS = (
					"$(inherited)",
					"@executable_path/Frameworks",
				);
				PRODUCT_BUNDLE_IDENTIFIER = com.naoki.tiltsip;
				SDKROOT = iphoneos;
				SWIFT_EMIT_LOC_STRINGS = YES;
				TARGETED_DEVICE_FAMILY = 1;
			};
			name = Debug;
		};
		38EAC39070EB50957AFA3A6D /* Debug */ = {
			isa = XCBuildConfiguration;
			buildSettings = {
				ALWAYS_SEARCH_USER_PATHS = NO;
				CLANG_ANALYZER_NONNULL = YES;
				CLANG_ANALYZER_NUMBER_OBJECT_CONVERSION = YES_AGGRESSIVE;
				CLANG_CXX_LANGUAGE_STANDARD = "gnu++14";
				CLANG_CXX_LIBRARY = "libc++";
				CLANG_ENABLE_MODULES = YES;
				CLANG_ENABLE_OBJC_ARC = YES;
				CLANG_ENABLE_OBJC_WEAK = YES;
				CLANG_WARN_BLOCK_CAPTURE_AUTORELEASING = YES;
				CLANG_WARN_BOOL_CONVERSION = YES;
				CLANG_WARN_COMMA = YES;
				CLANG_WARN_CONSTANT_CONVERSION = YES;
				CLANG_WARN_DEPRECATED_OBJC_IMPLEMENTATIONS = YES;
				CLANG_WARN_DIRECT_OBJC_ISA_USAGE = YES_ERROR;
				CLANG_WARN_DOCUMENTATION_COMMENTS = YES;
				CLANG_WARN_EMPTY_BODY = YES;
				CLANG_WARN_ENUM_CONVERSION = YES;
				CLANG_WARN_INFINITE_RECURSION = YES;
				CLANG_WARN_INT_CONVERSION = YES;
				CLANG_WARN_NON_LITERAL_NULL_CONVERSION = YES;
				CLANG_WARN_OBJC_IMPLICIT_RETAIN_SELF = YES;
				CLANG_WARN_OBJC_LITERAL_CONVERSION = YES;
				CLANG_WARN_OBJC_ROOT_CLASS = YES_ERROR;
				CLANG_WARN_QUOTED_INCLUDE_IN_FRAMEWORK_HEADER = YES;
				CLANG_WARN_RANGE_LOOP_ANALYSIS = YES;
				CLANG_WARN_STRICT_PROTOTYPES = YES;
				CLANG_WARN_SUSPICIOUS_MOVE = YES;
				CLANG_WARN_UNGUARDED_AVAILABILITY = YES_AGGRESSIVE;
				CLANG_WARN_UNREACHABLE_CODE = YES;
				CLANG_WARN__DUPLICATE_METHOD_MATCH = YES;
				COPY_PHASE_STRIP = NO;
				CURRENT_PROJECT_VERSION = 4;
				DEBUG_INFORMATION_FORMAT = dwarf;
				DEVELOPMENT_TEAM = CW97U5J24N;
				ENABLE_STRICT_OBJC_MSGSEND = YES;
				ENABLE_TESTABILITY = YES;
				GCC_C_LANGUAGE_STANDARD = gnu11;
				GCC_DYNAMIC_NO_PIC = NO;
				GCC_NO_COMMON_BLOCKS = YES;
				GCC_OPTIMIZATION_LEVEL = 0;
				GCC_PREPROCESSOR_DEFINITIONS = (
					"$(inherited)",
					"DEBUG=1",
				);
				GCC_WARN_64_TO_32_BIT_CONVERSION = YES;
				GCC_WARN_ABOUT_RETURN_TYPE = YES_ERROR;
				GCC_WARN_UNDECLARED_SELECTOR = YES;
				GCC_WARN_UNINITIALIZED_AUTOS = YES_AGGRESSIVE;
				GCC_WARN_UNUSED_FUNCTION = YES;
				GCC_WARN_UNUSED_VARIABLE = YES;
				IPHONEOS_DEPLOYMENT_TARGET = 18.0;
				MARKETING_VERSION = 1.0;
				MTL_ENABLE_DEBUG_INFO = INCLUDE_SOURCE;
				MTL_FAST_MATH = YES;
				ONLY_ACTIVE_ARCH = YES;
				PRODUCT_NAME = "$(TARGET_NAME)";
				SDKROOT = iphoneos;
				SWIFT_ACTIVE_COMPILATION_CONDITIONS = DEBUG;
				SWIFT_OPTIMIZATION_LEVEL = "-Onone";
				SWIFT_VERSION = 5.0;
				TARGETED_DEVICE_FAMILY = 1;
			};
			name = Debug;
		};
		77AF3B37320714A7861A1C48 /* Release */ = {
			isa = XCBuildConfiguration;
			buildSettings = {
				ASSETCATALOG_COMPILER_APPICON_NAME = AppIcon;
				CODE_SIGN_IDENTITY = "iPhone Developer";
				INFOPLIST_FILE = TiltSip/Info.plist;
				INFOPLIST_KEY_CFBundleDisplayName = TiltSip;
				INFOPLIST_KEY_LSApplicationCategoryType = "public.app-category.entertainment";
				INFOPLIST_KEY_UIRequiresFullScreen = YES;
				INFOPLIST_KEY_UIStatusBarStyle = UIStatusBarStyleLightContent;
				LD_RUNPATH_SEARCH_PATHS = (
					"$(inherited)",
					"@executable_path/Frameworks",
				);
				PRODUCT_BUNDLE_IDENTIFIER = com.naoki.tiltsip;
				SDKROOT = iphoneos;
				SWIFT_EMIT_LOC_STRINGS = YES;
				TARGETED_DEVICE_FAMILY = 1;
			};
			name = Release;
		};
/* End XCBuildConfiguration section */

/* Begin XCConfigurationList section */
		1A73C858EF1C574B0B3134A5 /* Build configuration list for PBXProject "TiltSip" */ = {
			isa = XCConfigurationList;
			buildConfigurations = (
				38EAC39070EB50957AFA3A6D /* Debug */,
				18DD3E1CE406CFF80C8B1E58 /* Release */,
			);
			defaultConfigurationIsVisible = 0;
			defaultConfigurationName = Debug;
		};
		6813369D37C1ACB7DE71926F /* Build configuration list for PBXNativeTarget "TiltSip" */ = {
			isa = XCConfigurationList;
			buildConfigurations = (
				266805CABC49E6557265F952 /* Debug */,
				77AF3B37320714A7861A1C48 /* Release */,
			);
			defaultConfigurationIsVisible = 0;
			defaultConfigurationName = Debug;
		};
/* End XCConfigurationList section */
	};
	rootObject = A47471CE389BF6258C68BA86 /* Project object */;
}
